{
  "version": "3",
  "remote": {
    "https://deno.land/std@0.214.0/dotenv/mod.ts": "0fcdf815a78d6f5bc70de92599fef80bc174da708492c4ed50b87ea480a56baa",
    "https://deno.land/std@0.214.0/dotenv/parse.ts": "55d5d1a5ba76c1324e6dc2f2f7917f03c47e5da5c2c55af11fd0fe2d6a3d3a2e",
    "https://deno.land/std@0.214.0/dotenv/stringify.ts": "0047ad7068289735d08964046aea267a750c141b494ca0e38831b89be6c020c2",
    "https://deno.land/x/sleep@v1.3.0/mod.ts": "e9955ecd3228a000e29d46726cd6ab14b65cf83904e9b365f3a8d64ec61c1af3",
    "https://deno.land/x/sleep@v1.3.0/sleep.ts": "b6abaca093b094b0c2bba94f287b19a60946a8d15764d168f83fcf555f5bb59e"
  },
  "workspace": {
    "dependencies": [
      "npm:nodemailer@^6.9.16"
    ],
    "packageJson": {
      "dependencies": [
        "npm:@milkdown/core@^7.6.3",
        "npm:@milkdown/ctx@^7.6.3",
        "npm:@milkdown/exception@^7.6.3",
        "npm:@milkdown/plugin-clipboard@^7.6.3",
        "npm:@milkdown/plugin-collab@^7.6.3",
        "npm:@milkdown/plugin-cursor@^7.6.3",
        "npm:@milkdown/plugin-history@^7.6.3",
        "npm:@milkdown/plugin-indent@^7.6.3",
        "npm:@milkdown/preset-commonmark@^7.6.3",
        "npm:@milkdown/prose@^7.6.3",
        "npm:@milkdown/theme-nord@^7.6.3",
        "npm:@milkdown/transformer@^7.6.3",
        "npm:@syncedstore/core@^0.6.0",
        "npm:@ucla-irl/ndnts-aux@3.0.5",
        "npm:execa@^8.0.1",
        "npm:jsdom@^25.0.1",
        "npm:markdown-it@^14.1.0",
        "npm:nodemailer@^6.10.0",
        "npm:prosemirror-markdown@^1.13.1",
        "npm:prosemirror-schema-basic@^1.2.3",
        "npm:prosemirror-schema-list@^1.5.0",
        "npm:solid-js@^1.9.5",
        "npm:y-prosemirror@^1.2.16",
        "npm:yargs@^17.7.2",
        "npm:yjs@^13.6.23"
      ]
    }
  }
}
